
Microsoft Visual Studio Solution File, Format Version 12.00
# Visual Studio Version 16
VisualStudioVersion = 16.0.31229.75
MinimumVisualStudioVersion = 10.0.40219.1
Project("{FAE04EC0-301F-11D3-BF4B-00C04F79EFBC}") = "Web2BackEnd", "Web2BackEnd\Web2BackEnd.csproj", "{AECB7CA5-ACB5-4DAB-9D55-E3F5F69F8BCD}"
EndProject
Global
	GlobalSection(SolutionConfigurationPlatforms) = preSolution
		Debug|Any CPU = Debug|Any CPU
		Release|Any CPU = Release|Any CPU
	EndGlobalSection
	GlobalSection(ProjectConfigurationPlatforms) = postSolution
		{AECB7CA5-ACB5-4DAB-9D55-E3F5F69F8BCD}.Debug|Any CPU.ActiveCfg = Debug|Any CPU
		{AECB7CA5-ACB5-4DAB-9D55-E3F5F69F8BCD}.Debug|Any CPU.Build.0 = Debug|Any CPU
		{AECB7CA5-ACB5-4DAB-9D55-E3F5F69F8BCD}.Release|Any CPU.ActiveCfg = Release|Any CPU
		{AECB7CA5-ACB5-4DAB-9D55-E3F5F69F8BCD}.Release|Any CPU.Build.0 = Release|Any CPU
	EndGlobalSection
	GlobalSection(SolutionProperties) = preSolution
		HideSolutionNode = FALSE
	EndGlobalSection
	GlobalSection(ExtensibilityGlobals) = postSolution
		SolutionGuid = {F2D6F597-86AA-4BF7-863A-F21A5EE482AC}
	EndGlobalSection
EndGlobal
